// !$*UTF8*$!
{
	archiveVersion = 1;
	classes = {
	};
	objectVersion = 46;
	objects = {

/* Begin PBXBuildFile section */
		55D87D691DC1B9D7007D18B2 /* AppDelegate.swift in Sources */ = {isa = PBXBuildFile; fileRef = 55D87D681DC1B9D7007D18B2 /* AppDelegate.swift */; };
		55D87D701DC1B9D7007D18B2 /* Assets.xcassets in Resources */ = {isa = PBXBuildFile; fileRef = 55D87D6F1DC1B9D7007D18B2 /* Assets.xcassets */; };
		55D87D731DC1B9D7007D18B2 /* LaunchScreen.storyboard in Resources */ = {isa = PBXBuildFile; fileRef = 55D87D711DC1B9D7007D18B2 /* LaunchScreen.storyboard */; };
		55D87D7D1DC1BA9D007D18B2 /* MainViewController.swift in Sources */ = {isa = PBXBuildFile; fileRef = 55D87D7C1DC1BA9D007D18B2 /* MainViewController.swift */; };
		55D87D7F1DC1BAAD007D18B2 /* DetailViewController.swift in Sources */ = {isa = PBXBuildFile; fileRef = 55D87D7E1DC1BAAD007D18B2 /* DetailViewController.swift */; };
		55D87D811DC1BAD5007D18B2 /* Forecast.swift in Sources */ = {isa = PBXBuildFile; fileRef = 55D87D801DC1BAD5007D18B2 /* Forecast.swift */; };
		55D87D831DC1BB8D007D18B2 /* Data.swift in Sources */ = {isa = PBXBuildFile; fileRef = 55D87D821DC1BB8D007D18B2 /* Data.swift */; };
		55DBF57C1DC1D936000204C9 /* Main.storyboard in Resources */ = {isa = PBXBuildFile; fileRef = 55DBF57B1DC1D936000204C9 /* Main.storyboard */; };
/* End PBXBuildFile section */

/* Begin PBXFileReference section */
		55D87D651DC1B9D7007D18B2 /* LocalWeather.app */ = {isa = PBXFileReference; explicitFileType = wrapper.application; includeInIndex = 0; path = LocalWeather.app; sourceTree = BUILT_PRODUCTS_DIR; };
		55D87D681DC1B9D7007D18B2 /* AppDelegate.swift */ = {isa = PBXFileReference; lastKnownFileType = sourcecode.swift; path = AppDelegate.swift; sourceTree = "<group>"; };
		55D87D6F1DC1B9D7007D18B2 /* Assets.xcassets */ = {isa = PBXFileReference; lastKnownFileType = folder.assetcatalog; path = Assets.xcassets; sourceTree = "<group>"; };
		55D87D721DC1B9D7007D18B2 /* Base */ = {isa = PBXFileReference; lastKnownFileType = file.storyboard; name = Base; path = Base.lproj/LaunchScreen.storyboard; sourceTree = "<group>"; };
		55D87D741DC1B9D7007D18B2 /* Info.plist */ = {isa = PBXFileReference; lastKnownFileType = text.plist.xml; path = Info.plist; sourceTree = "<group>"; };
		55D87D7C1DC1BA9D007D18B2 /* MainViewController.swift */ = {isa = PBXFileReference; fileEncoding = 4; lastKnownFileType = sourcecode.swift; path = MainViewController.swift; sourceTree = "<group>"; };
		55D87D7E1DC1BAAD007D18B2 /* DetailViewController.swift */ = {isa = PBXFileReference; fileEncoding = 4; lastKnownFileType = sourcecode.swift; path = DetailViewController.swift; sourceTree = "<group>"; };
		55D87D801DC1BAD5007D18B2 /* Forecast.swift */ = {isa = PBXFileReference; fileEncoding = 4; lastKnownFileType = sourcecode.swift; path = Forecast.swift; sourceTree = "<group>"; };
		55D87D821DC1BB8D007D18B2 /* Data.swift */ = {isa = PBXFileReference; fileEncoding = 4; lastKnownFileType = sourcecode.swift; path = Data.swift; sourceTree = "<group>"; };
		55DBF57B1DC1D936000204C9 /* Main.storyboard */ = {isa = PBXFileReference; fileEncoding = 4; lastKnownFileType = file.storyboard; path = Main.storyboard; sourceTree = "<group>"; };
/* End PBXFileReference section */

/* Begin PBXFrameworksBuildPhase section */
		55D87D621DC1B9D7007D18B2 /* Frameworks */ = {
			isa = PBXFrameworksBuildPhase;
			buildActionMask = 2147483647;
			files = (
			);
			runOnlyForDeploymentPostprocessing = 0;
		};
/* End PBXFrameworksBuildPhase section */

/* Begin PBXGroup section */
		55D87D5C1DC1B9D7007D18B2 = {
			isa = PBXGroup;
			children = (
				55D87D671DC1B9D7007D18B2 /* LocalWeather */,
				55D87D661DC1B9D7007D18B2 /* Products */,
			);
			sourceTree = "<group>";
		};
		55D87D661DC1B9D7007D18B2 /* Products */ = {
			isa = PBXGroup;
			children = (
				55D87D651DC1B9D7007D18B2 /* LocalWeather.app */,
			);
			name = Products;
			sourceTree = "<group>";
		};
		55D87D671DC1B9D7007D18B2 /* LocalWeather */ = {
			isa = PBXGroup;
			children = (
				55D87D681DC1B9D7007D18B2 /* AppDelegate.swift */,
				55DBF57B1DC1D936000204C9 /* Main.storyboard */,
				55D87D7C1DC1BA9D007D18B2 /* MainViewController.swift */,
				55D87D7E1DC1BAAD007D18B2 /* DetailViewController.swift */,
				55D87D821DC1BB8D007D18B2 /* Data.swift */,
				55D87D801DC1BAD5007D18B2 /* Forecast.swift */,
				55D87D6F1DC1B9D7007D18B2 /* Assets.xcassets */,
				55D87D711DC1B9D7007D18B2 /* LaunchScreen.storyboard */,
				55D87D741DC1B9D7007D18B2 /* Info.plist */,
			);
			path = LocalWeather;
			sourceTree = "<group>";
		};
/* End PBXGroup section */

/* Begin PBXNativeTarget section */
		55D87D641DC1B9D7007D18B2 /* LocalWeather */ = {
			isa = PBXNativeTarget;
			buildConfigurationList = 55D87D771DC1B9D7007D18B2 /* Build configuration list for PBXNativeTarget "LocalWeather" */;
			buildPhases = (
				55D87D611DC1B9D7007D18B2 /* Sources */,
				55D87D621DC1B9D7007D18B2 /* Frameworks */,
				55D87D631DC1B9D7007D18B2 /* Resources */,
			);
			buildRules = (
			);
			dependencies = (
			);
			name = LocalWeather;
			productName = LocalWeather;
			productReference = 55D87D651DC1B9D7007D18B2 /* LocalWeather.app */;
			productType = "com.apple.product-type.application";
		};
/* End PBXNativeTarget section */

/* Begin PBXProject section */
		55D87D5D1DC1B9D7007D18B2 /* Project object */ = {
			isa = PBXProject;
			attributes = {
				LastSwiftUpdateCheck = 0730;
				LastUpgradeCheck = 0730;
				ORGANIZATIONNAME = "Safina Lifa";
				TargetAttributes = {
					55D87D641DC1B9D7007D18B2 = {
						CreatedOnToolsVersion = 7.3.1;
					};
				};
			};
			buildConfigurationList = 55D87D601DC1B9D7007D18B2 /* Build configuration list for PBXProject "LocalWeather" */;
			compatibilityVersion = "Xcode 3.2";
			developmentRegion = English;
			hasScannedForEncodings = 0;
			knownRegions = (
				en,
				Base,
			);
			mainGroup = 55D87D5C1DC1B9D7007D18B2;
			productRefGroup = 55D87D661DC1B9D7007D18B2 /* Products */;
			projectDirPath = "";
			projectRoot = "";
			targets = (
				55D87D641DC1B9D7007D18B2 /* LocalWeather */,
			);
		};
/* End PBXProject section */

/* Begin PBXResourcesBuildPhase section */
		55D87D631DC1B9D7007D18B2 /* Resources */ = {
			isa = PBXResourcesBuildPhase;
			buildActionMask = 2147483647;
			files = (
				55DBF57C1DC1D936000204C9 /* Main.storyboard in Resources */,
				55D87D731DC1B9D7007D18B2 /* LaunchScreen.storyboard in Resources */,
				55D87D701DC1B9D7007D18B2 /* Assets.xcassets in Resources */,
			);
			runOnlyForDeploymentPostprocessing = 0;
		};
/* End PBXResourcesBuildPhase section */

/* Begin PBXSourcesBuildPhase section */
		55D87D611DC1B9D7007D18B2 /* Sources */ = {
			isa = PBXSourcesBuildPhase;
			buildActionMask = 2147483647;
			files = (
				55D87D811DC1BAD5007D18B2 /* Forecast.swift in Sources */,
				55D87D831DC1BB8D007D18B2 /* Data.swift in Sources */,
				55D87D7F1DC1BAAD007D18B2 /* DetailViewController.swift in Sources */,
				55D87D691DC1B9D7007D18B2 /* AppDelegate.swift in Sources */,
				55D87D7D1DC1BA9D007D18B2 /* MainViewController.swift in Sources */,
			);
			runOnlyForDeploymentPostprocessing = 0;
		};
/* End PBXSourcesBuildPhase section */

/* Begin PBXVariantGroup section */
		55D87D711DC1B9D7007D18B2 /* LaunchScreen.storyboard */ = {
			isa = PBXVariantGroup;
			children = (
				55D87D721DC1B9D7007D18B2 /* Base */,
			);
			name = LaunchScreen.storyboard;
			sourceTree = "<group>";
		};
/* End PBXVariantGroup section */

/* Begin XCBuildConfiguration section */
		55D87D751DC1B9D7007D18B2 /* Debug */ = {
			isa = XCBuildConfiguration;
			buildSettings = {
				ALWAYS_SEARCH_USER_PATHS = NO;
				CLANG_ANALYZER_NONNULL = YES;
				CLANG_CXX_LANGUAGE_STANDARD = "gnu++0x";
				CLANG_CXX_LIBRARY = "libc++";
				CLANG_ENABLE_MODULES = YES;
				CLANG_ENABLE_OBJC_ARC = YES;
				CLANG_WARN_BOOL_CONVERSION = YES;
				CLANG_WARN_CONSTANT_CONVERSION = YES;
				CLANG_WARN_DIRECT_OBJC_ISA_USAGE = YES_ERROR;
				CLANG_WARN_EMPTY_BODY = YES;
				CLANG_WARN_ENUM_CONVERSION = YES;
				CLANG_WARN_INT_CONVERSION = YES;
				CLANG_WARN_OBJC_ROOT_CLASS = YES_ERROR;
				CLANG_WARN_UNREACHABLE_CODE = YES;
				CLANG_WARN__DUPLICATE_METHOD_MATCH = YES;
				"CODE_SIGN_IDENTITY[sdk=iphoneos*]" = "iPhone Developer";
				COPY_PHASE_STRIP = NO;
				DEBUG_INFORMATION_FORMAT = dwarf;
				ENABLE_STRICT_OBJC_MSGSEND = YES;
				ENABLE_TESTABILITY = YES;
				GCC_C_LANGUAGE_STANDARD = gnu99;
				GCC_DYNAMIC_NO_PIC = NO;
				GCC_NO_COMMON_BLOCKS = YES;
				GCC_OPTIMIZATION_LEVEL = 0;
				GCC_PREPROCESSOR_DEFINITIONS = (
					"DEBUG=1",
					"$(inherited)",
				);
				GCC_WARN_64_TO_32_BIT_CONVERSION = YES;
				GCC_WARN_ABOUT_RETURN_TYPE = YES_ERROR;
				GCC_WARN_UNDECLARED_SELECTOR = YES;
				GCC_WARN_UNINITIALIZED_AUTOS = YES_AGGRESSIVE;
				GCC_WARN_UNUSED_FUNCTION = YES;
				GCC_WARN_UNUSED_VARIABLE = YES;
				IPHONEOS_DEPLOYMENT_TARGET = 9.3;
				MTL_ENABLE_DEBUG_INFO = YES;
				ONLY_ACTIVE_ARCH = YES;
				SDKROOT = iphoneos;
				SWIFT_OPTIMIZATION_LEVEL = "-Onone";
				TARGETED_DEVICE_FAMILY = "1,2";
			};
			name = Debug;
		};
		55D87D761DC1B9D7007D18B2 /* Release */ = {
			isa = XCBuildConfiguration;
			buildSettings = {
				ALWAYS_SEARCH_USER_PATHS = NO;
				CLANG_ANALYZER_NONNULL = YES;
				CLANG_CXX_LANGUAGE_STANDARD = "gnu++0x";
				CLANG_CXX_LIBRARY = "libc++";
				CLANG_ENABLE_MODULES = YES;
				CLANG_ENABLE_OBJC_ARC = YES;
				CLANG_WARN_BOOL_CONVERSION = YES;
				CLANG_WARN_CONSTANT_CONVERSION = YES;
				CLANG_WARN_DIRECT_OBJC_ISA_USAGE = YES_ERROR;
				CLANG_WARN_EMPTY_BODY = YES;
				CLANG_WARN_ENUM_CONVERSION = YES;
				CLANG_WARN_INT_CONVERSION = YES;
				CLANG_WARN_OBJC_ROOT_CLASS = YES_ERROR;
				CLANG_WARN_UNREACHABLE_CODE = YES;
				CLANG_WARN__DUPLICATE_METHOD_MATCH = YES;
				"CODE_SIGN_IDENTITY[sdk=iphoneos*]" = "iPhone Developer";
				COPY_PHASE_STRIP = NO;
				DEBUG_INFORMATION_FORMAT = "dwarf-with-dsym";
				ENABLE_NS_ASSERTIONS = NO;
				ENABLE_STRICT_OBJC_MSGSEND = YES;
				GCC_C_LANGUAGE_STANDARD = gnu99;
				GCC_NO_COMMON_BLOCKS = YES;
				GCC_WARN_64_TO_32_BIT_CONVERSION = YES;
				GCC_WARN_ABOUT_RETURN_TYPE = YES_ERROR;
				GCC_WARN_UNDECLARED_SELECTOR = YES;
				GCC_WARN_UNINITIALIZED_AUTOS = YES_AGGRESSIVE;
				GCC_WARN_UNUSED_FUNCTION = YES;
				GCC_WARN_UNUSED_VARIABLE = YES;
				IPHONEOS_DEPLOYMENT_TARGET = 9.3;
				MTL_ENABLE_DEBUG_INFO = NO;
				SDKROOT = iphoneos;
				TARGETED_DEVICE_FAMILY = "1,2";
				VALIDATE_PRODUCT = YES;
			};
			name = Release;
		};
		55D87D781DC1B9D7007D18B2 /* Debug */ = {
			isa = XCBuildConfiguration;
			buildSettings = {
				ASSETCATALOG_COMPILER_APPICON_NAME = AppIcon;
				INFOPLIST_FILE = LocalWeather/Info.plist;
				LD_RUNPATH_SEARCH_PATHS = "$(inherited) @executable_path/Frameworks";
				PRODUCT_BUNDLE_IDENTIFIER = com.safinalifa.LocalWeather;
				PRODUCT_NAME = "$(TARGET_NAME)";
			};
			name = Debug;
		};
		55D87D791DC1B9D7007D18B2 /* Release */ = {
			isa = XCBuildConfiguration;
			buildSettings = {
				ASSETCATALOG_COMPILER_APPICON_NAME = AppIcon;
				INFOPLIST_FILE = LocalWeather/Info.plist;
				LD_RUNPATH_SEARCH_PATHS = "$(inherited) @executable_path/Frameworks";
				PRODUCT_BUNDLE_IDENTIFIER = com.safinalifa.LocalWeather;
				PRODUCT_NAME = "$(TARGET_NAME)";
			};
			name = Release;
		};
/* End XCBuildConfiguration section */

/* Begin XCConfigurationList section */
		55D87D601DC1B9D7007D18B2 /* Build configuration list for PBXProject "LocalWeather" */ = {
			isa = XCConfigurationList;
			buildConfigurations = (
				55D87D751DC1B9D7007D18B2 /* Debug */,
				55D87D761DC1B9D7007D18B2 /* Release */,
			);
			defaultConfigurationIsVisible = 0;
			defaultConfigurationName = Release;
		};
		55D87D771DC1B9D7007D18B2 /* Build configuration list for PBXNativeTarget "LocalWeather" */ = {
			isa = XCConfigurationList;
			buildConfigurations = (
				55D87D781DC1B9D7007D18B2 /* Debug */,
				55D87D791DC1B9D7007D18B2 /* Release */,
			);
			defaultConfigurationIsVisible = 0;
			defaultConfigurationName = Release;
		};
/* End XCConfigurationList section */
	};
	rootObject = 55D87D5D1DC1B9D7007D18B2 /* Project object */;
}
